
Microsoft Visual Studio Solution File, Format Version 12.00
# Visual Studio Version 16
VisualStudioVersion = 16.0.30804.86
MinimumVisualStudioVersion = 10.0.40219.1
Project("{FAE04EC0-301F-11D3-BF4B-00C04F79EFBC}") = "Lab4", "Lab4\Lab4.csproj", "{D972EBB4-A2F2-42BB-A79E-B6D687AE597B}"
EndProject
Global
	GlobalSection(SolutionConfigurationPlatforms) = preSolution
		Debug|Any CPU = Debug|Any CPU
		Release|Any CPU = Release|Any CPU
	EndGlobalSection
	GlobalSection(ProjectConfigurationPlatforms) = postSolution
		{D972EBB4-A2F2-42BB-A79E-B6D687AE597B}.Debug|Any CPU.ActiveCfg = Debug|Any CPU
		{D972EBB4-A2F2-42BB-A79E-B6D687AE597B}.Debug|Any CPU.Build.0 = Debug|Any CPU
		{D972EBB4-A2F2-42BB-A79E-B6D687AE597B}.Release|Any CPU.ActiveCfg = Release|Any CPU
		{D972EBB4-A2F2-42BB-A79E-B6D687AE597B}.Release|Any CPU.Build.0 = Release|Any CPU
	EndGlobalSection
	GlobalSection(SolutionProperties) = preSolution
		HideSolutionNode = FALSE
	EndGlobalSection
	GlobalSection(ExtensibilityGlobals) = postSolution
		SolutionGuid = {CEFEBCB8-872E-4C00-BDFB-31B2B413C2DB}
	EndGlobalSection
EndGlobal
